
Microsoft Visual Studio Solution File, Format Version 12.00
# Visual Studio Version 16
VisualStudioVersion = 16.0.30225.117
MinimumVisualStudioVersion = 10.0.40219.1
Project("{FAE04EC0-301F-11D3-BF4B-00C04F79EFBC}") = "InstagramDesign.Android", "InstagramDesign\InstagramDesign.Android\InstagramDesign.Android.csproj", "{08202450-B886-4B06-800F-11E11771415D}"
EndProject
Project("{FAE04EC0-301F-11D3-BF4B-00C04F79EFBC}") = "InstagramDesign.iOS", "InstagramDesign\InstagramDesign.iOS\InstagramDesign.iOS.csproj", "{B4C5A037-763E-4AE9-903A-D5B2F0A4A770}"
EndProject
Project("{FAE04EC0-301F-11D3-BF4B-00C04F79EFBC}") = "InstagramDesign", "InstagramDesign\InstagramDesign\InstagramDesign.csproj", "{BDF2CC57-C352-40BD-AA51-13CAACAED1DB}"
EndProject
Global
	GlobalSection(SolutionConfigurationPlatforms) = preSolution
		Debug|Any CPU = Debug|Any CPU
		Debug|iPhone = Debug|iPhone
		Debug|iPhoneSimulator = Debug|iPhoneSimulator
		Release|Any CPU = Release|Any CPU
		Release|iPhone = Release|iPhone
		Release|iPhoneSimulator = Release|iPhoneSimulator
	EndGlobalSection
	GlobalSection(ProjectConfigurationPlatforms) = postSolution
		{08202450-B886-4B06-800F-11E11771415D}.Debug|Any CPU.ActiveCfg = Debug|Any CPU
		{08202450-B886-4B06-800F-11E11771415D}.Debug|Any CPU.Build.0 = Debug|Any CPU
		{08202450-B886-4B06-800F-11E11771415D}.Debug|Any CPU.Deploy.0 = Debug|Any CPU
		{08202450-B886-4B06-800F-11E11771415D}.Debug|iPhone.ActiveCfg = Debug|Any CPU
		{08202450-B886-4B06-800F-11E11771415D}.Debug|iPhone.Build.0 = Debug|Any CPU
		{08202450-B886-4B06-800F-11E11771415D}.Debug|iPhone.Deploy.0 = Debug|Any CPU
		{08202450-B886-4B06-800F-11E11771415D}.Debug|iPhoneSimulator.ActiveCfg = Debug|Any CPU
		{08202450-B886-4B06-800F-11E11771415D}.Debug|iPhoneSimulator.Build.0 = Debug|Any CPU
		{08202450-B886-4B06-800F-11E11771415D}.Debug|iPhoneSimulator.Deploy.0 = Debug|Any CPU
		{08202450-B886-4B06-800F-11E11771415D}.Release|Any CPU.ActiveCfg = Release|Any CPU
		{08202450-B886-4B06-800F-11E11771415D}.Release|Any CPU.Build.0 = Release|Any CPU
		{08202450-B886-4B06-800F-11E11771415D}.Release|Any CPU.Deploy.0 = Release|Any CPU
		{08202450-B886-4B06-800F-11E11771415D}.Release|iPhone.ActiveCfg = Release|Any CPU
		{08202450-B886-4B06-800F-11E11771415D}.Release|iPhone.Build.0 = Release|Any CPU
		{08202450-B886-4B06-800F-11E11771415D}.Release|iPhone.Deploy.0 = Release|Any CPU
		{08202450-B886-4B06-800F-11E11771415D}.Release|iPhoneSimulator.ActiveCfg = Release|Any CPU
		{08202450-B886-4B06-800F-11E11771415D}.Release|iPhoneSimulator.Build.0 = Release|Any CPU
		{08202450-B886-4B06-800F-11E11771415D}.Release|iPhoneSimulator.Deploy.0 = Release|Any CPU
		{B4C5A037-763E-4AE9-903A-D5B2F0A4A770}.Debug|Any CPU.ActiveCfg = Debug|iPhone
		{B4C5A037-763E-4AE9-903A-D5B2F0A4A770}.Debug|Any CPU.Build.0 = Debug|iPhone
		{B4C5A037-763E-4AE9-903A-D5B2F0A4A770}.Debug|Any CPU.Deploy.0 = Debug|iPhone
		{B4C5A037-763E-4AE9-903A-D5B2F0A4A770}.Debug|iPhone.ActiveCfg = Debug|iPhone
		{B4C5A037-763E-4AE9-903A-D5B2F0A4A770}.Debug|iPhone.Build.0 = Debug|iPhone
		{B4C5A037-763E-4AE9-903A-D5B2F0A4A770}.Debug|iPhone.Deploy.0 = Debug|iPhone
		{B4C5A037-763E-4AE9-903A-D5B2F0A4A770}.Debug|iPhoneSimulator.ActiveCfg = Debug|iPhoneSimulator
		{B4C5A037-763E-4AE9-903A-D5B2F0A4A770}.Debug|iPhoneSimulator.Build.0 = Debug|iPhoneSimulator
		{B4C5A037-763E-4AE9-903A-D5B2F0A4A770}.Debug|iPhoneSimulator.Deploy.0 = Debug|iPhoneSimulator
		{B4C5A037-763E-4AE9-903A-D5B2F0A4A770}.Release|Any CPU.ActiveCfg = Release|iPhone
		{B4C5A037-763E-4AE9-903A-D5B2F0A4A770}.Release|Any CPU.Build.0 = Release|iPhone
		{B4C5A037-763E-4AE9-903A-D5B2F0A4A770}.Release|Any CPU.Deploy.0 = Release|iPhone
		{B4C5A037-763E-4AE9-903A-D5B2F0A4A770}.Release|iPhone.ActiveCfg = Release|iPhone
		{B4C5A037-763E-4AE9-903A-D5B2F0A4A770}.Release|iPhone.Build.0 = Release|iPhone
		{B4C5A037-763E-4AE9-903A-D5B2F0A4A770}.Release|iPhone.Deploy.0 = Release|iPhone
		{B4C5A037-763E-4AE9-903A-D5B2F0A4A770}.Release|iPhoneSimulator.ActiveCfg = Release|iPhoneSimulator
		{B4C5A037-763E-4AE9-903A-D5B2F0A4A770}.Release|iPhoneSimulator.Build.0 = Release|iPhoneSimulator
		{B4C5A037-763E-4AE9-903A-D5B2F0A4A770}.Release|iPhoneSimulator.Deploy.0 = Release|iPhoneSimulator
		{BDF2CC57-C352-40BD-AA51-13CAACAED1DB}.Debug|Any CPU.ActiveCfg = Debug|Any CPU
		{BDF2CC57-C352-40BD-AA51-13CAACAED1DB}.Debug|Any CPU.Build.0 = Debug|Any CPU
		{BDF2CC57-C352-40BD-AA51-13CAACAED1DB}.Debug|Any CPU.Deploy.0 = Debug|Any CPU
		{BDF2CC57-C352-40BD-AA51-13CAACAED1DB}.Debug|iPhone.ActiveCfg = Debug|Any CPU
		{BDF2CC57-C352-40BD-AA51-13CAACAED1DB}.Debug|iPhone.Build.0 = Debug|Any CPU
		{BDF2CC57-C352-40BD-AA51-13CAACAED1DB}.Debug|iPhone.Deploy.0 = Debug|Any CPU
		{BDF2CC57-C352-40BD-AA51-13CAACAED1DB}.Debug|iPhoneSimulator.ActiveCfg = Debug|Any CPU
		{BDF2CC57-C352-40BD-AA51-13CAACAED1DB}.Debug|iPhoneSimulator.Build.0 = Debug|Any CPU
		{BDF2CC57-C352-40BD-AA51-13CAACAED1DB}.Debug|iPhoneSimulator.Deploy.0 = Debug|Any CPU
		{BDF2CC57-C352-40BD-AA51-13CAACAED1DB}.Release|Any CPU.ActiveCfg = Release|Any CPU
		{BDF2CC57-C352-40BD-AA51-13CAACAED1DB}.Release|Any CPU.Build.0 = Release|Any CPU
		{BDF2CC57-C352-40BD-AA51-13CAACAED1DB}.Release|Any CPU.Deploy.0 = Release|Any CPU
		{BDF2CC57-C352-40BD-AA51-13CAACAED1DB}.Release|iPhone.ActiveCfg = Release|Any CPU
		{BDF2CC57-C352-40BD-AA51-13CAACAED1DB}.Release|iPhone.Build.0 = Release|Any CPU
		{BDF2CC57-C352-40BD-AA51-13CAACAED1DB}.Release|iPhone.Deploy.0 = Release|Any CPU
		{BDF2CC57-C352-40BD-AA51-13CAACAED1DB}.Release|iPhoneSimulator.ActiveCfg = Release|Any CPU
		{BDF2CC57-C352-40BD-AA51-13CAACAED1DB}.Release|iPhoneSimulator.Build.0 = Release|Any CPU
		{BDF2CC57-C352-40BD-AA51-13CAACAED1DB}.Release|iPhoneSimulator.Deploy.0 = Release|Any CPU
	EndGlobalSection
	GlobalSection(SolutionProperties) = preSolution
		HideSolutionNode = FALSE
	EndGlobalSection
	GlobalSection(ExtensibilityGlobals) = postSolution
		SolutionGuid = {7E9457B2-2111-4AE3-8DC4-443BE3C58DB5}
	EndGlobalSection
EndGlobal
